version = 1
requires-python = ">=3.9, <3.13"

[[package]]
name = "cmake"
version = "4.0.0"
source = { registry = "https://pypi.org/simple" }
sdist = { url = "https://files.pythonhosted.org/packages/65/43/a0f1419b84007949871d0fb0a2b3350a1e2c8f47c9059a9495048e1680cc/cmake-4.0.0.tar.gz", hash = "sha256:b929ab7d2ebd6b9a81018b0248ea75edb3dc4ad69367e8c75fb0f6774bb6e962", size = 34494 }
wheels = [
    { url = "https://files.pythonhosted.org/packages/3d/ca/503c6e7e5bf084d93dcc2279616f800f3b67f8a37af0a8c6aeccbb735ec0/cmake-4.0.0-py3-none-macosx_10_10_universal2.whl", hash = "sha256:2f01499980f5824092c08e8fe0893c31d4f3783c8475ea2d7cd0706c7dc646a3", size = 47575884 },
    { url = "https://files.pythonhosted.org/packages/85/1c/40a723122c4c1a6f0b9429644751eec0855eabb11fd77c62f6549c1ded37/cmake-4.0.0-py3-none-manylinux_2_12_i686.manylinux2010_i686.whl", hash = "sha256:2877636e057a8227b1792614bb0eebab37632c73bae3b4939b2b20416248cf76", size = 27732152 },
    { url = "https://files.pythonhosted.org/packages/89/e5/0c11d391fb4ce181df0687acaa007e2e216cda3547328de3ddb8b1db9fb8/cmake-4.0.0-py3-none-manylinux_2_12_x86_64.manylinux2010_x86_64.whl", hash = "sha256:26d0e992eea03d7ad8a2f320884f8eaf8178c3cf23f2f5f004cdca8354adf137", size = 26975188 },
    { url = "https://files.pythonhosted.org/packages/3f/6a/d8600a4478ea628d109f1e436b478200a1f4a7e8b414e6da89b40934f459/cmake-4.0.0-py3-none-manylinux_2_17_aarch64.manylinux2014_aarch64.whl", hash = "sha256:9af3ef2931c84557d58383169cc3cad6852de625c1fd8883ee696ac436ab1eb3", size = 27244638 },
    { url = "https://files.pythonhosted.org/packages/db/3d/6cb0f89f3bb769268eae5d80e0a4c28f2b1ac95fbe8e058df6d9746f152c/cmake-4.0.0-py3-none-manylinux_2_17_i686.manylinux2014_i686.whl", hash = "sha256:340558bf3b50876380ac036d9e8a0e8c30ef28b071097cbceb3929519c021d4a", size = 29009241 },
    { url = "https://files.pythonhosted.org/packages/bb/f7/9caebd319f25ec2c24e3d78b2c606c0ec021798878ff555ffedc1ff0af3f/cmake-4.0.0-py3-none-manylinux_2_17_ppc64le.manylinux2014_ppc64le.whl", hash = "sha256:a9b7b1da83219d563cae0685c989d8aedf58480de1e64f3de2f51364606272f0", size = 30862797 },
    { url = "https://files.pythonhosted.org/packages/0d/0e/3712a422b7cb477a827f7db60165f146d5cc488dffff82153ee307480faf/cmake-4.0.0-py3-none-manylinux_2_17_s390x.manylinux2014_s390x.whl", hash = "sha256:f23eaade0cf683c938849962c09b3c752cf96cddc872288c80620466e6acf0ce", size = 27017112 },
    { url = "https://files.pythonhosted.org/packages/91/96/2671d7f3612c4449affc956542b25d9193efd8026dbc8ab6b3498f5cede3/cmake-4.0.0-py3-none-manylinux_2_17_x86_64.manylinux2014_x86_64.whl", hash = "sha256:5dda13b113de7dba00f20587011c1b9b90708a22fe8fef530a46bfb4a4ee2bd2", size = 27901969 },
    { url = "https://files.pythonhosted.org/packages/f9/fc/acf790ea5740ecf40908fd704438e740fe10b2117a818240185f9601d550/cmake-4.0.0-py3-none-manylinux_2_31_armv7l.whl", hash = "sha256:8606d0228529d9cb688fc8e4e31ae14236526fad586680aa3e15f6dd69c76488", size = 25148589 },
    { url = "https://files.pythonhosted.org/packages/06/8a/e25280c2fbe82b1639f3bcd2d50b40f666de5422e5293a84c9c760041d04/cmake-4.0.0-py3-none-musllinux_1_1_aarch64.whl", hash = "sha256:ba414b29459526bb10be13ecd38d022f0b5ebed2fec33bdae66d1568ddcf2e2e", size = 28018837 },
    { url = "https://files.pythonhosted.org/packages/0e/b4/03970754aab48645a385cfb3ceacb3154f693e87fa35c02d7d4de328c044/cmake-4.0.0-py3-none-musllinux_1_1_i686.whl", hash = "sha256:6a89cf41a770763a2132b32514dfd8000e1147ecec8cb5ad3d5d83041faea790", size = 31545619 },
    { url = "https://files.pythonhosted.org/packages/78/39/38836069158a0530451c8e9bc4f66756d56856c3273df1748d661c25ed8f/cmake-4.0.0-py3-none-musllinux_1_1_ppc64le.whl", hash = "sha256:02dd7305ed88d9c98930116fa66b327034e01080b6688886d478b099bd6bf7ba", size = 32270077 },
    { url = "https://files.pythonhosted.org/packages/bc/28/fd367bfd6784ad7e49c3169160776a6a933b219cac97657e36c0575758ee/cmake-4.0.0-py3-none-musllinux_1_1_s390x.whl", hash = "sha256:e1092881c07c5c892448aad04bdc36357804f37ad2ff42272fd1a940f679aa1a", size = 28095019 },
    { url = "https://files.pythonhosted.org/packages/c6/ca/35908b4c52d4ba06bd0c41b612f955c6b6ce038554e565250f01bbd93132/cmake-4.0.0-py3-none-musllinux_1_1_x86_64.whl", hash = "sha256:098ceee569eedc7853792f8b4fc6cc5b2995c1481b8bc13074aa565c2ebbac0d", size = 29627600 },
    { url = "https://files.pythonhosted.org/packages/7e/20/0b3388812eab9c07d37bad95c2cb1a8fd8b9322f3106ab08947e0f7ddc58/cmake-4.0.0-py3-none-musllinux_1_2_armv7l.whl", hash = "sha256:4b2e75474ee412ca6f7f224b14a883206adc423daff1745752ce815cc5fbb599", size = 33318779 },
    { url = "https://files.pythonhosted.org/packages/50/8e/8c3cb703b460a5993f147280a27ce9f9ee2ffeacd1713452823a84e11164/cmake-4.0.0-py3-none-win32.whl", hash = "sha256:e27776fbb5a101a9c8b71f9f360918d0985dfd7d1f057fa90713f8f2125e0e73", size = 33688955 },
    { url = "https://files.pythonhosted.org/packages/18/77/9b85ad431b16cc7de1c63b1b023bdaaffe1d128ccc09c23e5931ee1a7100/cmake-4.0.0-py3-none-win_amd64.whl", hash = "sha256:a7ec8b997f75da5310c571f79ce560bc8941013549e47144bfa49025ced79b00", size = 36651633 },
    { url = "https://files.pythonhosted.org/packages/a1/7a/0f5cf44b10069e44ce1fc98fe8160878685f2fbed036ca1751d6cce3d1ae/cmake-4.0.0-py3-none-win_arm64.whl", hash = "sha256:31c4a1a3490f142c965de644e65987d1c76a2b90dec71a9a001c85bf535a5e58", size = 35666214 },
]

[[package]]
name = "dcm2niix"
version = "1.0.20241211"
source = { registry = "https://pypi.org/simple" }
sdist = { url = "https://files.pythonhosted.org/packages/81/82/2636c4c49a15208ab2ad13f901f2680859ae54b476c98b1268d85ff5e310/dcm2niix-1.0.20241211.tar.gz", hash = "sha256:67a09e4057983d9b58ac22ff91aec713174b67cddfa91b2501a854783b3c1227", size = 539084 }

[[package]]
name = "distro"
version = "1.9.0"
source = { registry = "https://pypi.org/simple" }
sdist = { url = "https://files.pythonhosted.org/packages/fc/f8/98eea607f65de6527f8a2e8885fc8015d3e6f5775df186e443e0964a11c3/distro-1.9.0.tar.gz", hash = "sha256:2fa77c6fd8940f116ee1d6b94a2f90b13b5ea8d019b98bc8bafdcabcdd9bdbed", size = 60722 }
wheels = [
    { url = "https://files.pythonhosted.org/packages/12/b3/231ffd4ab1fc9d679809f356cebee130ac7daa00d6d6f3206dd4fd137e9e/distro-1.9.0-py3-none-any.whl", hash = "sha256:7bffd925d65168f85027d8da9af6bddab658135b840670a223589bc0c8ef02b2", size = 20277 },
]

[[package]]
name = "ninja"
version = "1.11.1.4"
source = { registry = "https://pypi.org/simple" }
sdist = { url = "https://files.pythonhosted.org/packages/95/d4/6b0324541018561c5e73e617bd16f20a4fc17d1179bb3b3520b6ca8beb7b/ninja-1.11.1.4.tar.gz", hash = "sha256:6aa39f6e894e0452e5b297327db00019383ae55d5d9c57c73b04f13bf79d438a", size = 201256 }
wheels = [
    { url = "https://files.pythonhosted.org/packages/4f/b1/3a61b348936b62a386465b1937cd778fa3a5748582e26d832dbab844ff27/ninja-1.11.1.4-py3-none-macosx_10_9_universal2.whl", hash = "sha256:b33923c8da88e8da20b6053e38deb433f53656441614207e01d283ad02c5e8e7", size = 279071 },
    { url = "https://files.pythonhosted.org/packages/12/42/4c94fdad51fcf1f039a156e97de9e4d564c2a8cc0303782d36f9bd893a4b/ninja-1.11.1.4-py3-none-manylinux_2_12_i686.manylinux2010_i686.whl", hash = "sha256:cede0af00b58e27b31f2482ba83292a8e9171cdb9acc2c867a3b6e40b3353e43", size = 472026 },
    { url = "https://files.pythonhosted.org/packages/eb/7a/455d2877fe6cf99886849c7f9755d897df32eaf3a0fba47b56e615f880f7/ninja-1.11.1.4-py3-none-manylinux_2_12_x86_64.manylinux2010_x86_64.whl", hash = "sha256:096487995473320de7f65d622c3f1d16c3ad174797602218ca8c967f51ec38a0", size = 422814 },
    { url = "https://files.pythonhosted.org/packages/e3/ad/fb6cca942528e25e8e0ab0f0cf98fe007319bf05cf69d726c564b815c4af/ninja-1.11.1.4-py3-none-manylinux_2_17_aarch64.manylinux2014_aarch64.whl", hash = "sha256:d3090d4488fadf6047d0d7a1db0c9643a8d391f0d94729554dbb89b5bdc769d7", size = 156965 },
    { url = "https://files.pythonhosted.org/packages/a8/e7/d94a1b60031b115dd88526834b3da69eaacdc3c1a6769773ca8e2b1386b5/ninja-1.11.1.4-py3-none-manylinux_2_17_ppc64le.manylinux2014_ppc64le.whl", hash = "sha256:ecce44a00325a93631792974659cf253a815cc6da4ec96f89742925dfc295a0d", size = 179937 },
    { url = "https://files.pythonhosted.org/packages/08/cc/e9316a28235409e9363794fc3d0b3083e48dd80d441006de66421e55f364/ninja-1.11.1.4-py3-none-manylinux_2_17_s390x.manylinux2014_s390x.whl", hash = "sha256:9c29bb66d2aa46a2409ab369ea804c730faec7652e8c22c1e428cc09216543e5", size = 157020 },
    { url = "https://files.pythonhosted.org/packages/e3/30/389b22300541aa5f2e9dad322c4de2f84be4e32aa4e8babd9160d620b5f1/ninja-1.11.1.4-py3-none-manylinux_2_28_armv7l.manylinux_2_31_armv7l.whl", hash = "sha256:055f386fb550c2c9d6157e45e20a84d29c47968876b9c5794ae2aec46f952306", size = 130389 },
    { url = "https://files.pythonhosted.org/packages/a9/10/e27f35cb92813aabbb7ae771b1685b45be1cc8a0798ce7d4bfd08d142b93/ninja-1.11.1.4-py3-none-musllinux_1_1_aarch64.whl", hash = "sha256:f6186d7607bb090c3be1e10c8a56b690be238f953616626f5032238c66e56867", size = 372435 },
    { url = "https://files.pythonhosted.org/packages/c2/26/e3559619756739aae124c6abf7fe41f7e546ab1209cfbffb13137bff2d2e/ninja-1.11.1.4-py3-none-musllinux_1_1_i686.whl", hash = "sha256:cf4453679d15babc04ba023d68d091bb613091b67101c88f85d2171c6621c6eb", size = 419300 },
    { url = "https://files.pythonhosted.org/packages/35/46/809e4e9572570991b8e6f88f3583807d017371ab4cb09171cbc72a7eb3e4/ninja-1.11.1.4-py3-none-musllinux_1_1_ppc64le.whl", hash = "sha256:d4a6f159b08b0ac4aca5ee1572e3e402f969139e71d85d37c0e2872129098749", size = 420239 },
    { url = "https://files.pythonhosted.org/packages/e6/64/5cb5710d15f844edf02ada577f8eddfdcd116f47eec15850f3371a3a4b33/ninja-1.11.1.4-py3-none-musllinux_1_1_s390x.whl", hash = "sha256:c3b96bd875f3ef1db782470e9e41d7508905a0986571f219d20ffed238befa15", size = 415986 },
    { url = "https://files.pythonhosted.org/packages/95/b2/0e9ab1d926f423b12b09925f78afcc5e48b3c22e7121be3ddf6c35bf06a3/ninja-1.11.1.4-py3-none-musllinux_1_1_x86_64.whl", hash = "sha256:cf554e73f72c04deb04d0cf51f5fdb1903d9c9ca3d2344249c8ce3bd616ebc02", size = 379657 },
    { url = "https://files.pythonhosted.org/packages/c8/3e/fd6d330d0434168e7fe070d414b57dd99c4c133faa69c05b42a3cbdc6c13/ninja-1.11.1.4-py3-none-musllinux_1_2_armv7l.whl", hash = "sha256:cfdd09776436a1ff3c4a2558d3fc50a689fb9d7f1bdbc3e6f7b8c2991341ddb3", size = 454466 },
    { url = "https://files.pythonhosted.org/packages/e6/df/a25f3ad0b1c59d1b90564096e4fd89a6ca30d562b1e942f23880c3000b89/ninja-1.11.1.4-py3-none-win32.whl", hash = "sha256:2ab67a41c90bea5ec4b795bab084bc0b3b3bb69d3cd21ca0294fc0fc15a111eb", size = 255931 },
    { url = "https://files.pythonhosted.org/packages/5b/10/9b8fe9ac004847490cc7b54896124c01ce2d87d95dc60aabd0b8591addff/ninja-1.11.1.4-py3-none-win_amd64.whl", hash = "sha256:4617b3c12ff64b611a7d93fd9e378275512bb36eff8babff7c83f5116b4f8d66", size = 296461 },
    { url = "https://files.pythonhosted.org/packages/b9/58/612a17593c2d117f96c7f6b7f1e6570246bddc4b1e808519403a1417f217/ninja-1.11.1.4-py3-none-win_arm64.whl", hash = "sha256:5713cf50c5be50084a8693308a63ecf9e55c3132a78a41ab1363a28b6caaaee1", size = 271441 },
]

[[package]]
name = "packaging"
version = "25.0"
source = { registry = "https://pypi.org/simple" }
sdist = { url = "https://files.pythonhosted.org/packages/a1/d4/1fc4078c65507b51b96ca8f8c3ba19e6a61c8253c72794544580a7b6c24d/packaging-25.0.tar.gz", hash = "sha256:d443872c98d677bf60f6a1f2f8c1cb748e8fe762d2bf9d3148b5599295b0fc4f", size = 165727 }
wheels = [
    { url = "https://files.pythonhosted.org/packages/20/12/38679034af332785aac8774540895e234f4d07f7545804097de4b666afd8/packaging-25.0-py3-none-any.whl", hash = "sha256:29572ef2b1f17581046b3a2227d5c611fb25ec70ca1ba8554b24b0e69331a484", size = 66469 },
]

[[package]]
name = "polus-plugins-images-formats-dicom2nifti"
version = "0.1.0"
source = { editable = "." }
dependencies = [
    { name = "cmake" },
    { name = "dcm2niix" },
    { name = "ninja" },
    { name = "scikit-build" },
]

[package.metadata]
requires-dist = [
    { name = "cmake", specifier = ">=3.26.0" },
    { name = "dcm2niix", specifier = ">=1.0.20241211" },
    { name = "ninja", specifier = ">=1.11.1.4" },
    { name = "scikit-build", specifier = ">=0.16.0" },
]

[[package]]
name = "scikit-build"
version = "0.18.1"
source = { registry = "https://pypi.org/simple" }
dependencies = [
    { name = "distro" },
    { name = "packaging" },
    { name = "setuptools" },
    { name = "tomli", marker = "python_full_version < '3.11'" },
    { name = "wheel" },
]
sdist = { url = "https://files.pythonhosted.org/packages/56/54/2beb41f3fcddb4ea238634c6c23fe93115090d8799a45f626a83e6934c16/scikit_build-0.18.1.tar.gz", hash = "sha256:a4152ac5a084d499c28a7797be0628d8366c336e2fb0e1a063eb32e55efcb8e7", size = 274171 }
wheels = [
    { url = "https://files.pythonhosted.org/packages/c3/a3/21b519f58de90d684056c52ec4e45f744cfda7483f082dcc4dd18cc74a93/scikit_build-0.18.1-py3-none-any.whl", hash = "sha256:a6860e300f6807e76f21854163bdb9db16afc74eadf34bd6a9947d3fdfcd725a", size = 85568 },
]

[[package]]
name = "setuptools"
version = "79.0.0"
source = { registry = "https://pypi.org/simple" }
sdist = { url = "https://files.pythonhosted.org/packages/7d/19/fecb7e2825616270f34512b3394cdcf6f45a79b5b6d94fdbd86a509e67b5/setuptools-79.0.0.tar.gz", hash = "sha256:9828422e7541213b0aacb6e10bbf9dd8febeaa45a48570e09b6d100e063fc9f9", size = 1367685 }
wheels = [
    { url = "https://files.pythonhosted.org/packages/cc/ea/d53f2f8897c46a36df085964d07761ea4c2d1f2cf92019693b6742b7aabb/setuptools-79.0.0-py3-none-any.whl", hash = "sha256:b9ab3a104bedb292323f53797b00864e10e434a3ab3906813a7169e4745b912a", size = 1256065 },
]

[[package]]
name = "tomli"
version = "2.2.1"
source = { registry = "https://pypi.org/simple" }
sdist = { url = "https://files.pythonhosted.org/packages/18/87/302344fed471e44a87289cf4967697d07e532f2421fdaf868a303cbae4ff/tomli-2.2.1.tar.gz", hash = "sha256:cd45e1dc79c835ce60f7404ec8119f2eb06d38b1deba146f07ced3bbc44505ff", size = 17175 }
wheels = [
    { url = "https://files.pythonhosted.org/packages/43/ca/75707e6efa2b37c77dadb324ae7d9571cb424e61ea73fad7c56c2d14527f/tomli-2.2.1-cp311-cp311-macosx_10_9_x86_64.whl", hash = "sha256:678e4fa69e4575eb77d103de3df8a895e1591b48e740211bd1067378c69e8249", size = 131077 },
    { url = "https://files.pythonhosted.org/packages/c7/16/51ae563a8615d472fdbffc43a3f3d46588c264ac4f024f63f01283becfbb/tomli-2.2.1-cp311-cp311-macosx_11_0_arm64.whl", hash = "sha256:023aa114dd824ade0100497eb2318602af309e5a55595f76b626d6d9f3b7b0a6", size = 123429 },
    { url = "https://files.pythonhosted.org/packages/f1/dd/4f6cd1e7b160041db83c694abc78e100473c15d54620083dbd5aae7b990e/tomli-2.2.1-cp311-cp311-manylinux_2_17_aarch64.manylinux2014_aarch64.whl", hash = "sha256:ece47d672db52ac607a3d9599a9d48dcb2f2f735c6c2d1f34130085bb12b112a", size = 226067 },
    { url = "https://files.pythonhosted.org/packages/a9/6b/c54ede5dc70d648cc6361eaf429304b02f2871a345bbdd51e993d6cdf550/tomli-2.2.1-cp311-cp311-manylinux_2_17_x86_64.manylinux2014_x86_64.whl", hash = "sha256:6972ca9c9cc9f0acaa56a8ca1ff51e7af152a9f87fb64623e31d5c83700080ee", size = 236030 },
    { url = "https://files.pythonhosted.org/packages/1f/47/999514fa49cfaf7a92c805a86c3c43f4215621855d151b61c602abb38091/tomli-2.2.1-cp311-cp311-manylinux_2_5_i686.manylinux1_i686.manylinux_2_17_i686.manylinux2014_i686.whl", hash = "sha256:c954d2250168d28797dd4e3ac5cf812a406cd5a92674ee4c8f123c889786aa8e", size = 240898 },
    { url = "https://files.pythonhosted.org/packages/73/41/0a01279a7ae09ee1573b423318e7934674ce06eb33f50936655071d81a24/tomli-2.2.1-cp311-cp311-musllinux_1_2_aarch64.whl", hash = "sha256:8dd28b3e155b80f4d54beb40a441d366adcfe740969820caf156c019fb5c7ec4", size = 229894 },
    { url = "https://files.pythonhosted.org/packages/55/18/5d8bc5b0a0362311ce4d18830a5d28943667599a60d20118074ea1b01bb7/tomli-2.2.1-cp311-cp311-musllinux_1_2_i686.whl", hash = "sha256:e59e304978767a54663af13c07b3d1af22ddee3bb2fb0618ca1593e4f593a106", size = 245319 },
    { url = "https://files.pythonhosted.org/packages/92/a3/7ade0576d17f3cdf5ff44d61390d4b3febb8a9fc2b480c75c47ea048c646/tomli-2.2.1-cp311-cp311-musllinux_1_2_x86_64.whl", hash = "sha256:33580bccab0338d00994d7f16f4c4ec25b776af3ffaac1ed74e0b3fc95e885a8", size = 238273 },
    { url = "https://files.pythonhosted.org/packages/72/6f/fa64ef058ac1446a1e51110c375339b3ec6be245af9d14c87c4a6412dd32/tomli-2.2.1-cp311-cp311-win32.whl", hash = "sha256:465af0e0875402f1d226519c9904f37254b3045fc5084697cefb9bdde1ff99ff", size = 98310 },
    { url = "https://files.pythonhosted.org/packages/6a/1c/4a2dcde4a51b81be3530565e92eda625d94dafb46dbeb15069df4caffc34/tomli-2.2.1-cp311-cp311-win_amd64.whl", hash = "sha256:2d0f2fdd22b02c6d81637a3c95f8cd77f995846af7414c5c4b8d0545afa1bc4b", size = 108309 },
    { url = "https://files.pythonhosted.org/packages/52/e1/f8af4c2fcde17500422858155aeb0d7e93477a0d59a98e56cbfe75070fd0/tomli-2.2.1-cp312-cp312-macosx_10_13_x86_64.whl", hash = "sha256:4a8f6e44de52d5e6c657c9fe83b562f5f4256d8ebbfe4ff922c495620a7f6cea", size = 132762 },
    { url = "https://files.pythonhosted.org/packages/03/b8/152c68bb84fc00396b83e7bbddd5ec0bd3dd409db4195e2a9b3e398ad2e3/tomli-2.2.1-cp312-cp312-macosx_11_0_arm64.whl", hash = "sha256:8d57ca8095a641b8237d5b079147646153d22552f1c637fd3ba7f4b0b29167a8", size = 123453 },
    { url = "https://files.pythonhosted.org/packages/c8/d6/fc9267af9166f79ac528ff7e8c55c8181ded34eb4b0e93daa767b8841573/tomli-2.2.1-cp312-cp312-manylinux_2_17_aarch64.manylinux2014_aarch64.whl", hash = "sha256:4e340144ad7ae1533cb897d406382b4b6fede8890a03738ff1683af800d54192", size = 233486 },
    { url = "https://files.pythonhosted.org/packages/5c/51/51c3f2884d7bab89af25f678447ea7d297b53b5a3b5730a7cb2ef6069f07/tomli-2.2.1-cp312-cp312-manylinux_2_17_x86_64.manylinux2014_x86_64.whl", hash = "sha256:db2b95f9de79181805df90bedc5a5ab4c165e6ec3fe99f970d0e302f384ad222", size = 242349 },
    { url = "https://files.pythonhosted.org/packages/ab/df/bfa89627d13a5cc22402e441e8a931ef2108403db390ff3345c05253935e/tomli-2.2.1-cp312-cp312-manylinux_2_5_i686.manylinux1_i686.manylinux_2_17_i686.manylinux2014_i686.whl", hash = "sha256:40741994320b232529c802f8bc86da4e1aa9f413db394617b9a256ae0f9a7f77", size = 252159 },
    { url = "https://files.pythonhosted.org/packages/9e/6e/fa2b916dced65763a5168c6ccb91066f7639bdc88b48adda990db10c8c0b/tomli-2.2.1-cp312-cp312-musllinux_1_2_aarch64.whl", hash = "sha256:400e720fe168c0f8521520190686ef8ef033fb19fc493da09779e592861b78c6", size = 237243 },
    { url = "https://files.pythonhosted.org/packages/b4/04/885d3b1f650e1153cbb93a6a9782c58a972b94ea4483ae4ac5cedd5e4a09/tomli-2.2.1-cp312-cp312-musllinux_1_2_i686.whl", hash = "sha256:02abe224de6ae62c19f090f68da4e27b10af2b93213d36cf44e6e1c5abd19fdd", size = 259645 },
    { url = "https://files.pythonhosted.org/packages/9c/de/6b432d66e986e501586da298e28ebeefd3edc2c780f3ad73d22566034239/tomli-2.2.1-cp312-cp312-musllinux_1_2_x86_64.whl", hash = "sha256:b82ebccc8c8a36f2094e969560a1b836758481f3dc360ce9a3277c65f374285e", size = 244584 },
    { url = "https://files.pythonhosted.org/packages/1c/9a/47c0449b98e6e7d1be6cbac02f93dd79003234ddc4aaab6ba07a9a7482e2/tomli-2.2.1-cp312-cp312-win32.whl", hash = "sha256:889f80ef92701b9dbb224e49ec87c645ce5df3fa2cc548664eb8a25e03127a98", size = 98875 },
    { url = "https://files.pythonhosted.org/packages/ef/60/9b9638f081c6f1261e2688bd487625cd1e660d0a85bd469e91d8db969734/tomli-2.2.1-cp312-cp312-win_amd64.whl", hash = "sha256:7fc04e92e1d624a4a63c76474610238576942d6b8950a2d7f908a340494e67e4", size = 109418 },
    { url = "https://files.pythonhosted.org/packages/6e/c2/61d3e0f47e2b74ef40a68b9e6ad5984f6241a942f7cd3bbfbdbd03861ea9/tomli-2.2.1-py3-none-any.whl", hash = "sha256:cb55c73c5f4408779d0cf3eef9f762b9c9f147a77de7b258bef0a5628adc85cc", size = 14257 },
]

[[package]]
name = "wheel"
version = "0.45.1"
source = { registry = "https://pypi.org/simple" }
sdist = { url = "https://files.pythonhosted.org/packages/8a/98/2d9906746cdc6a6ef809ae6338005b3f21bb568bea3165cfc6a243fdc25c/wheel-0.45.1.tar.gz", hash = "sha256:661e1abd9198507b1409a20c02106d9670b2576e916d58f520316666abca6729", size = 107545 }
wheels = [
    { url = "https://files.pythonhosted.org/packages/0b/2c/87f3254fd8ffd29e4c02732eee68a83a1d3c346ae39bc6822dcbcb697f2b/wheel-0.45.1-py3-none-any.whl", hash = "sha256:708e7481cc80179af0e556bbf0cc00b8444c7321e2700b8d8580231d13017248", size = 72494 },
]
